
Microsoft Visual Studio Solution File, Format Version 12.00
# Visual Studio Version 17
VisualStudioVersion = 17.2.32505.173
MinimumVisualStudioVersion = 10.0.40219.1
Project("{FAE04EC0-301F-11D3-BF4B-00C04F79EFBC}") = "PGSAssignment", "PGSAssignment\PGSAssignment.csproj", "{490B20A4-0F15-475A-8A9C-5ED96F5231CA}"
EndProject
Global
	GlobalSection(SolutionConfigurationPlatforms) = preSolution
		Debug|Any CPU = Debug|Any CPU
		Release|Any CPU = Release|Any CPU
	EndGlobalSection
	GlobalSection(ProjectConfigurationPlatforms) = postSolution
		{490B20A4-0F15-475A-8A9C-5ED96F5231CA}.Debug|Any CPU.ActiveCfg = Debug|Any CPU
		{490B20A4-0F15-475A-8A9C-5ED96F5231CA}.Debug|Any CPU.Build.0 = Debug|Any CPU
		{490B20A4-0F15-475A-8A9C-5ED96F5231CA}.Release|Any CPU.ActiveCfg = Release|Any CPU
		{490B20A4-0F15-475A-8A9C-5ED96F5231CA}.Release|Any CPU.Build.0 = Release|Any CPU
	EndGlobalSection
	GlobalSection(SolutionProperties) = preSolution
		HideSolutionNode = FALSE
	EndGlobalSection
	GlobalSection(ExtensibilityGlobals) = postSolution
		SolutionGuid = {12830433-EBEB-4387-A5D0-8CEB3E25857D}
	EndGlobalSection
EndGlobal
